// !$*UTF8*$!
{
	archiveVersion = 1;
	classes = {
	};
	objectVersion = 46;
	objects = {

/* Begin PBXBuildFile section */
		ED6263671C044AFE00D7AEEB /* main.m in Sources */ = {isa = PBXBuildFile; fileRef = ED6263661C044AFE00D7AEEB /* main.m */; };
		ED62636A1C044AFE00D7AEEB /* AppDelegate.m in Sources */ = {isa = PBXBuildFile; fileRef = ED6263691C044AFE00D7AEEB /* AppDelegate.m */; };
		ED62636D1C044AFE00D7AEEB /* ViewController.m in Sources */ = {isa = PBXBuildFile; fileRef = ED62636C1C044AFE00D7AEEB /* ViewController.m */; };
		ED6263701C044AFE00D7AEEB /* Main.storyboard in Resources */ = {isa = PBXBuildFile; fileRef = ED62636E1C044AFE00D7AEEB /* Main.storyboard */; };
		ED6263721C044AFE00D7AEEB /* Assets.xcassets in Resources */ = {isa = PBXBuildFile; fileRef = ED6263711C044AFE00D7AEEB /* Assets.xcassets */; };
		ED6263751C044AFE00D7AEEB /* LaunchScreen.storyboard in Resources */ = {isa = PBXBuildFile; fileRef = ED6263731C044AFE00D7AEEB /* LaunchScreen.storyboard */; };
		ED6263801C044AFE00D7AEEB /* CWPayDemoTests.m in Sources */ = {isa = PBXBuildFile; fileRef = ED62637F1C044AFE00D7AEEB /* CWPayDemoTests.m */; };
		ED62638B1C044AFE00D7AEEB /* CWPayDemoUITests.m in Sources */ = {isa = PBXBuildFile; fileRef = ED62638A1C044AFE00D7AEEB /* CWPayDemoUITests.m */; };
/* End PBXBuildFile section */

/* Begin PBXContainerItemProxy section */
		ED62637C1C044AFE00D7AEEB /* PBXContainerItemProxy */ = {
			isa = PBXContainerItemProxy;
			containerPortal = ED62635A1C044AFE00D7AEEB /* Project object */;
			proxyType = 1;
			remoteGlobalIDString = ED6263611C044AFE00D7AEEB;
			remoteInfo = CWPayDemo;
		};
		ED6263871C044AFE00D7AEEB /* PBXContainerItemProxy */ = {
			isa = PBXContainerItemProxy;
			containerPortal = ED62635A1C044AFE00D7AEEB /* Project object */;
			proxyType = 1;
			remoteGlobalIDString = ED6263611C044AFE00D7AEEB;
			remoteInfo = CWPayDemo;
		};
/* End PBXContainerItemProxy section */

/* Begin PBXFileReference section */
		ED6263621C044AFE00D7AEEB /* CWPayDemo.app */ = {isa = PBXFileReference; explicitFileType = wrapper.application; includeInIndex = 0; path = CWPayDemo.app; sourceTree = BUILT_PRODUCTS_DIR; };
		ED6263661C044AFE00D7AEEB /* main.m */ = {isa = PBXFileReference; lastKnownFileType = sourcecode.c.objc; path = main.m; sourceTree = "<group>"; };
		ED6263681C044AFE00D7AEEB /* AppDelegate.h */ = {isa = PBXFileReference; lastKnownFileType = sourcecode.c.h; path = AppDelegate.h; sourceTree = "<group>"; };
		ED6263691C044AFE00D7AEEB /* AppDelegate.m */ = {isa = PBXFileReference; lastKnownFileType = sourcecode.c.objc; path = AppDelegate.m; sourceTree = "<group>"; };
		ED62636B1C044AFE00D7AEEB /* ViewController.h */ = {isa = PBXFileReference; lastKnownFileType = sourcecode.c.h; path = ViewController.h; sourceTree = "<group>"; };
		ED62636C1C044AFE00D7AEEB /* ViewController.m */ = {isa = PBXFileReference; lastKnownFileType = sourcecode.c.objc; path = ViewController.m; sourceTree = "<group>"; };
		ED62636F1C044AFE00D7AEEB /* Base */ = {isa = PBXFileReference; lastKnownFileType = file.storyboard; name = Base; path = Base.lproj/Main.storyboard; sourceTree = "<group>"; };
		ED6263711C044AFE00D7AEEB /* Assets.xcassets */ = {isa = PBXFileReference; lastKnownFileType = folder.assetcatalog; path = Assets.xcassets; sourceTree = "<group>"; };
		ED6263741C044AFE00D7AEEB /* Base */ = {isa = PBXFileReference; lastKnownFileType = file.storyboard; name = Base; path = Base.lproj/LaunchScreen.storyboard; sourceTree = "<group>"; };
		ED6263761C044AFE00D7AEEB /* Info.plist */ = {isa = PBXFileReference; lastKnownFileType = text.plist.xml; path = Info.plist; sourceTree = "<group>"; };
		ED62637B1C044AFE00D7AEEB /* CWPayDemoTests.xctest */ = {isa = PBXFileReference; explicitFileType = wrapper.cfbundle; includeInIndex = 0; path = CWPayDemoTests.xctest; sourceTree = BUILT_PRODUCTS_DIR; };
		ED62637F1C044AFE00D7AEEB /* CWPayDemoTests.m */ = {isa = PBXFileReference; lastKnownFileType = sourcecode.c.objc; path = CWPayDemoTests.m; sourceTree = "<group>"; };
		ED6263811C044AFE00D7AEEB /* Info.plist */ = {isa = PBXFileReference; lastKnownFileType = text.plist.xml; path = Info.plist; sourceTree = "<group>"; };
		ED6263861C044AFE00D7AEEB /* CWPayDemoUITests.xctest */ = {isa = PBXFileReference; explicitFileType = wrapper.cfbundle; includeInIndex = 0; path = CWPayDemoUITests.xctest; sourceTree = BUILT_PRODUCTS_DIR; };
		ED62638A1C044AFE00D7AEEB /* CWPayDemoUITests.m */ = {isa = PBXFileReference; lastKnownFileType = sourcecode.c.objc; path = CWPayDemoUITests.m; sourceTree = "<group>"; };
		ED62638C1C044AFE00D7AEEB /* Info.plist */ = {isa = PBXFileReference; lastKnownFileType = text.plist.xml; path = Info.plist; sourceTree = "<group>"; };
/* End PBXFileReference section */

/* Begin PBXFrameworksBuildPhase section */
		ED62635F1C044AFE00D7AEEB /* Frameworks */ = {
			isa = PBXFrameworksBuildPhase;
			buildActionMask = 2147483647;
			files = (
			);
			runOnlyForDeploymentPostprocessing = 0;
		};
		ED6263781C044AFE00D7AEEB /* Frameworks */ = {
			isa = PBXFrameworksBuildPhase;
			buildActionMask = 2147483647;
			files = (
			);
			runOnlyForDeploymentPostprocessing = 0;
		};
		ED6263831C044AFE00D7AEEB /* Frameworks */ = {
			isa = PBXFrameworksBuildPhase;
			buildActionMask = 2147483647;
			files = (
			);
			runOnlyForDeploymentPostprocessing = 0;
		};
/* End PBXFrameworksBuildPhase section */

/* Begin PBXGroup section */
		ED6263591C044AFE00D7AEEB = {
			isa = PBXGroup;
			children = (
				ED6263641C044AFE00D7AEEB /* CWPayDemo */,
				ED62637E1C044AFE00D7AEEB /* CWPayDemoTests */,
				ED6263891C044AFE00D7AEEB /* CWPayDemoUITests */,
				ED6263631C044AFE00D7AEEB /* Products */,
			);
			sourceTree = "<group>";
		};
		ED6263631C044AFE00D7AEEB /* Products */ = {
			isa = PBXGroup;
			children = (
				ED6263621C044AFE00D7AEEB /* CWPayDemo.app */,
				ED62637B1C044AFE00D7AEEB /* CWPayDemoTests.xctest */,
				ED6263861C044AFE00D7AEEB /* CWPayDemoUITests.xctest */,
			);
			name = Products;
			sourceTree = "<group>";
		};
		ED6263641C044AFE00D7AEEB /* CWPayDemo */ = {
			isa = PBXGroup;
			children = (
				ED6263681C044AFE00D7AEEB /* AppDelegate.h */,
				ED6263691C044AFE00D7AEEB /* AppDelegate.m */,
				ED62636B1C044AFE00D7AEEB /* ViewController.h */,
				ED62636C1C044AFE00D7AEEB /* ViewController.m */,
				ED62636E1C044AFE00D7AEEB /* Main.storyboard */,
				ED6263711C044AFE00D7AEEB /* Assets.xcassets */,
				ED6263731C044AFE00D7AEEB /* LaunchScreen.storyboard */,
				ED6263761C044AFE00D7AEEB /* Info.plist */,
				ED6263651C044AFE00D7AEEB /* Supporting Files */,
			);
			path = CWPayDemo;
			sourceTree = "<group>";
		};
		ED6263651C044AFE00D7AEEB /* Supporting Files */ = {
			isa = PBXGroup;
			children = (
				ED6263661C044AFE00D7AEEB /* main.m */,
			);
			name = "Supporting Files";
			sourceTree = "<group>";
		};
		ED62637E1C044AFE00D7AEEB /* CWPayDemoTests */ = {
			isa = PBXGroup;
			children = (
				ED62637F1C044AFE00D7AEEB /* CWPayDemoTests.m */,
				ED6263811C044AFE00D7AEEB /* Info.plist */,
			);
			path = CWPayDemoTests;
			sourceTree = "<group>";
		};
		ED6263891C044AFE00D7AEEB /* CWPayDemoUITests */ = {
			isa = PBXGroup;
			children = (
				ED62638A1C044AFE00D7AEEB /* CWPayDemoUITests.m */,
				ED62638C1C044AFE00D7AEEB /* Info.plist */,
			);
			path = CWPayDemoUITests;
			sourceTree = "<group>";
		};
/* End PBXGroup section */

/* Begin PBXNativeTarget section */
		ED6263611C044AFE00D7AEEB /* CWPayDemo */ = {
			isa = PBXNativeTarget;
			buildConfigurationList = ED62638F1C044AFE00D7AEEB /* Build configuration list for PBXNativeTarget "CWPayDemo" */;
			buildPhases = (
				ED62635E1C044AFE00D7AEEB /* Sources */,
				ED62635F1C044AFE00D7AEEB /* Frameworks */,
				ED6263601C044AFE00D7AEEB /* Resources */,
			);
			buildRules = (
			);
			dependencies = (
			);
			name = CWPayDemo;
			productName = CWPayDemo;
			productReference = ED6263621C044AFE00D7AEEB /* CWPayDemo.app */;
			productType = "com.apple.product-type.application";
		};
		ED62637A1C044AFE00D7AEEB /* CWPayDemoTests */ = {
			isa = PBXNativeTarget;
			buildConfigurationList = ED6263921C044AFE00D7AEEB /* Build configuration list for PBXNativeTarget "CWPayDemoTests" */;
			buildPhases = (
				ED6263771C044AFE00D7AEEB /* Sources */,
				ED6263781C044AFE00D7AEEB /* Frameworks */,
				ED6263791C044AFE00D7AEEB /* Resources */,
			);
			buildRules = (
			);
			dependencies = (
				ED62637D1C044AFE00D7AEEB /* PBXTargetDependency */,
			);
			name = CWPayDemoTests;
			productName = CWPayDemoTests;
			productReference = ED62637B1C044AFE00D7AEEB /* CWPayDemoTests.xctest */;
			productType = "com.apple.product-type.bundle.unit-test";
		};
		ED6263851C044AFE00D7AEEB /* CWPayDemoUITests */ = {
			isa = PBXNativeTarget;
			buildConfigurationList = ED6263951C044AFE00D7AEEB /* Build configuration list for PBXNativeTarget "CWPayDemoUITests" */;
			buildPhases = (
				ED6263821C044AFE00D7AEEB /* Sources */,
				ED6263831C044AFE00D7AEEB /* Frameworks */,
				ED6263841C044AFE00D7AEEB /* Resources */,
			);
			buildRules = (
			);
			dependencies = (
				ED6263881C044AFE00D7AEEB /* PBXTargetDependency */,
			);
			name = CWPayDemoUITests;
			productName = CWPayDemoUITests;
			productReference = ED6263861C044AFE00D7AEEB /* CWPayDemoUITests.xctest */;
			productType = "com.apple.product-type.bundle.ui-testing";
		};
/* End PBXNativeTarget section */

/* Begin PBXProject section */
		ED62635A1C044AFE00D7AEEB /* Project object */ = {
			isa = PBXProject;
			attributes = {
				LastUpgradeCheck = 0700;
				ORGANIZATIONNAME = weiwei;
				TargetAttributes = {
					ED6263611C044AFE00D7AEEB = {
						CreatedOnToolsVersion = 7.0.1;
					};
					ED62637A1C044AFE00D7AEEB = {
						CreatedOnToolsVersion = 7.0.1;
						TestTargetID = ED6263611C044AFE00D7AEEB;
					};
					ED6263851C044AFE00D7AEEB = {
						CreatedOnToolsVersion = 7.0.1;
						TestTargetID = ED6263611C044AFE00D7AEEB;
					};
				};
			};
			buildConfigurationList = ED62635D1C044AFE00D7AEEB /* Build configuration list for PBXProject "CWPayDemo" */;
			compatibilityVersion = "Xcode 3.2";
			developmentRegion = English;
			hasScannedForEncodings = 0;
			knownRegions = (
				en,
				Base,
			);
			mainGroup = ED6263591C044AFE00D7AEEB;
			productRefGroup = ED6263631C044AFE00D7AEEB /* Products */;
			projectDirPath = "";
			projectRoot = "";
			targets = (
				ED6263611C044AFE00D7AEEB /* CWPayDemo */,
				ED62637A1C044AFE00D7AEEB /* CWPayDemoTests */,
				ED6263851C044AFE00D7AEEB /* CWPayDemoUITests */,
			);
		};
/* End PBXProject section */

/* Begin PBXResourcesBuildPhase section */
		ED6263601C044AFE00D7AEEB /* Resources */ = {
			isa = PBXResourcesBuildPhase;
			buildActionMask = 2147483647;
			files = (
				ED6263751C044AFE00D7AEEB /* LaunchScreen.storyboard in Resources */,
				ED6263721C044AFE00D7AEEB /* Assets.xcassets in Resources */,
				ED6263701C044AFE00D7AEEB /* Main.storyboard in Resources */,
			);
			runOnlyForDeploymentPostprocessing = 0;
		};
		ED6263791C044AFE00D7AEEB /* Resources */ = {
			isa = PBXResourcesBuildPhase;
			buildActionMask = 2147483647;
			files = (
			);
			runOnlyForDeploymentPostprocessing = 0;
		};
		ED6263841C044AFE00D7AEEB /* Resources */ = {
			isa = PBXResourcesBuildPhase;
			buildActionMask = 2147483647;
			files = (
			);
			runOnlyForDeploymentPostprocessing = 0;
		};
/* End PBXResourcesBuildPhase section */

/* Begin PBXSourcesBuildPhase section */
		ED62635E1C044AFE00D7AEEB /* Sources */ = {
			isa = PBXSourcesBuildPhase;
			buildActionMask = 2147483647;
			files = (
				ED62636D1C044AFE00D7AEEB /* ViewController.m in Sources */,
				ED62636A1C044AFE00D7AEEB /* AppDelegate.m in Sources */,
				ED6263671C044AFE00D7AEEB /* main.m in Sources */,
			);
			runOnlyForDeploymentPostprocessing = 0;
		};
		ED6263771C044AFE00D7AEEB /* Sources */ = {
			isa = PBXSourcesBuildPhase;
			buildActionMask = 2147483647;
			files = (
				ED6263801C044AFE00D7AEEB /* CWPayDemoTests.m in Sources */,
			);
			runOnlyForDeploymentPostprocessing = 0;
		};
		ED6263821C044AFE00D7AEEB /* Sources */ = {
			isa = PBXSourcesBuildPhase;
			buildActionMask = 2147483647;
			files = (
				ED62638B1C044AFE00D7AEEB /* CWPayDemoUITests.m in Sources */,
			);
			runOnlyForDeploymentPostprocessing = 0;
		};
/* End PBXSourcesBuildPhase section */

/* Begin PBXTargetDependency section */
		ED62637D1C044AFE00D7AEEB /* PBXTargetDependency */ = {
			isa = PBXTargetDependency;
			target = ED6263611C044AFE00D7AEEB /* CWPayDemo */;
			targetProxy = ED62637C1C044AFE00D7AEEB /* PBXContainerItemProxy */;
		};
		ED6263881C044AFE00D7AEEB /* PBXTargetDependency */ = {
			isa = PBXTargetDependency;
			target = ED6263611C044AFE00D7AEEB /* CWPayDemo */;
			targetProxy = ED6263871C044AFE00D7AEEB /* PBXContainerItemProxy */;
		};
/* End PBXTargetDependency section */

/* Begin PBXVariantGroup section */
		ED62636E1C044AFE00D7AEEB /* Main.storyboard */ = {
			isa = PBXVariantGroup;
			children = (
				ED62636F1C044AFE00D7AEEB /* Base */,
			);
			name = Main.storyboard;
			sourceTree = "<group>";
		};
		ED6263731C044AFE00D7AEEB /* LaunchScreen.storyboard */ = {
			isa = PBXVariantGroup;
			children = (
				ED6263741C044AFE00D7AEEB /* Base */,
			);
			name = LaunchScreen.storyboard;
			sourceTree = "<group>";
		};
/* End PBXVariantGroup section */

/* Begin XCBuildConfiguration section */
		ED62638D1C044AFE00D7AEEB /* Debug */ = {
			isa = XCBuildConfiguration;
			buildSettings = {
				ALWAYS_SEARCH_USER_PATHS = NO;
				CLANG_CXX_LANGUAGE_STANDARD = "gnu++0x";
				CLANG_CXX_LIBRARY = "libc++";
				CLANG_ENABLE_MODULES = YES;
				CLANG_ENABLE_OBJC_ARC = YES;
				CLANG_WARN_BOOL_CONVERSION = YES;
				CLANG_WARN_CONSTANT_CONVERSION = YES;
				CLANG_WARN_DIRECT_OBJC_ISA_USAGE = YES_ERROR;
				CLANG_WARN_EMPTY_BODY = YES;
				CLANG_WARN_ENUM_CONVERSION = YES;
				CLANG_WARN_INT_CONVERSION = YES;
				CLANG_WARN_OBJC_ROOT_CLASS = YES_ERROR;
				CLANG_WARN_UNREACHABLE_CODE = YES;
				CLANG_WARN__DUPLICATE_METHOD_MATCH = YES;
				"CODE_SIGN_IDENTITY[sdk=iphoneos*]" = "iPhone Developer";
				COPY_PHASE_STRIP = NO;
				DEBUG_INFORMATION_FORMAT = dwarf;
				ENABLE_STRICT_OBJC_MSGSEND = YES;
				ENABLE_TESTABILITY = YES;
				GCC_C_LANGUAGE_STANDARD = gnu99;
				GCC_DYNAMIC_NO_PIC = NO;
				GCC_NO_COMMON_BLOCKS = YES;
				GCC_OPTIMIZATION_LEVEL = 0;
				GCC_PREPROCESSOR_DEFINITIONS = (
					"DEBUG=1",
					"$(inherited)",
				);
				GCC_WARN_64_TO_32_BIT_CONVERSION = YES;
				GCC_WARN_ABOUT_RETURN_TYPE = YES_ERROR;
				GCC_WARN_UNDECLARED_SELECTOR = YES;
				GCC_WARN_UNINITIALIZED_AUTOS = YES_AGGRESSIVE;
				GCC_WARN_UNUSED_FUNCTION = YES;
				GCC_WARN_UNUSED_VARIABLE = YES;
				IPHONEOS_DEPLOYMENT_TARGET = 9.0;
				MTL_ENABLE_DEBUG_INFO = YES;
				ONLY_ACTIVE_ARCH = YES;
				SDKROOT = iphoneos;
			};
			name = Debug;
		};
		ED62638E1C044AFE00D7AEEB /* Release */ = {
			isa = XCBuildConfiguration;
			buildSettings = {
				ALWAYS_SEARCH_USER_PATHS = NO;
				CLANG_CXX_LANGUAGE_STANDARD = "gnu++0x";
				CLANG_CXX_LIBRARY = "libc++";
				CLANG_ENABLE_MODULES = YES;
				CLANG_ENABLE_OBJC_ARC = YES;
				CLANG_WARN_BOOL_CONVERSION = YES;
				CLANG_WARN_CONSTANT_CONVERSION = YES;
				CLANG_WARN_DIRECT_OBJC_ISA_USAGE = YES_ERROR;
				CLANG_WARN_EMPTY_BODY = YES;
				CLANG_WARN_ENUM_CONVERSION = YES;
				CLANG_WARN_INT_CONVERSION = YES;
				CLANG_WARN_OBJC_ROOT_CLASS = YES_ERROR;
				CLANG_WARN_UNREACHABLE_CODE = YES;
				CLANG_WARN__DUPLICATE_METHOD_MATCH = YES;
				"CODE_SIGN_IDENTITY[sdk=iphoneos*]" = "iPhone Developer";
				COPY_PHASE_STRIP = NO;
				DEBUG_INFORMATION_FORMAT = "dwarf-with-dsym";
				ENABLE_NS_ASSERTIONS = NO;
				ENABLE_STRICT_OBJC_MSGSEND = YES;
				GCC_C_LANGUAGE_STANDARD = gnu99;
				GCC_NO_COMMON_BLOCKS = YES;
				GCC_WARN_64_TO_32_BIT_CONVERSION = YES;
				GCC_WARN_ABOUT_RETURN_TYPE = YES_ERROR;
				GCC_WARN_UNDECLARED_SELECTOR = YES;
				GCC_WARN_UNINITIALIZED_AUTOS = YES_AGGRESSIVE;
				GCC_WARN_UNUSED_FUNCTION = YES;
				GCC_WARN_UNUSED_VARIABLE = YES;
				IPHONEOS_DEPLOYMENT_TARGET = 9.0;
				MTL_ENABLE_DEBUG_INFO = NO;
				SDKROOT = iphoneos;
				VALIDATE_PRODUCT = YES;
			};
			name = Release;
		};
		ED6263901C044AFE00D7AEEB /* Debug */ = {
			isa = XCBuildConfiguration;
			buildSettings = {
				ASSETCATALOG_COMPILER_APPICON_NAME = AppIcon;
				INFOPLIST_FILE = CWPayDemo/Info.plist;
				LD_RUNPATH_SEARCH_PATHS = "$(inherited) @executable_path/Frameworks";
				PRODUCT_BUNDLE_IDENTIFIER = com.demo.CWPayDemo;
				PRODUCT_NAME = "$(TARGET_NAME)";
			};
			name = Debug;
		};
		ED6263911C044AFE00D7AEEB /* Release */ = {
			isa = XCBuildConfiguration;
			buildSettings = {
				ASSETCATALOG_COMPILER_APPICON_NAME = AppIcon;
				INFOPLIST_FILE = CWPayDemo/Info.plist;
				LD_RUNPATH_SEARCH_PATHS = "$(inherited) @executable_path/Frameworks";
				PRODUCT_BUNDLE_IDENTIFIER = com.demo.CWPayDemo;
				PRODUCT_NAME = "$(TARGET_NAME)";
			};
			name = Release;
		};
		ED6263931C044AFE00D7AEEB /* Debug */ = {
			isa = XCBuildConfiguration;
			buildSettings = {
				BUNDLE_LOADER = "$(TEST_HOST)";
				INFOPLIST_FILE = CWPayDemoTests/Info.plist;
				LD_RUNPATH_SEARCH_PATHS = "$(inherited) @executable_path/Frameworks @loader_path/Frameworks";
				PRODUCT_BUNDLE_IDENTIFIER = com.demo.CWPayDemoTests;
				PRODUCT_NAME = "$(TARGET_NAME)";
				TEST_HOST = "$(BUILT_PRODUCTS_DIR)/CWPayDemo.app/CWPayDemo";
			};
			name = Debug;
		};
		ED6263941C044AFE00D7AEEB /* Release */ = {
			isa = XCBuildConfiguration;
			buildSettings = {
				BUNDLE_LOADER = "$(TEST_HOST)";
				INFOPLIST_FILE = CWPayDemoTests/Info.plist;
				LD_RUNPATH_SEARCH_PATHS = "$(inherited) @executable_path/Frameworks @loader_path/Frameworks";
				PRODUCT_BUNDLE_IDENTIFIER = com.demo.CWPayDemoTests;
				PRODUCT_NAME = "$(TARGET_NAME)";
				TEST_HOST = "$(BUILT_PRODUCTS_DIR)/CWPayDemo.app/CWPayDemo";
			};
			name = Release;
		};
		ED6263961C044AFE00D7AEEB /* Debug */ = {
			isa = XCBuildConfiguration;
			buildSettings = {
				INFOPLIST_FILE = CWPayDemoUITests/Info.plist;
				LD_RUNPATH_SEARCH_PATHS = "$(inherited) @executable_path/Frameworks @loader_path/Frameworks";
				PRODUCT_BUNDLE_IDENTIFIER = com.demo.CWPayDemoUITests;
				PRODUCT_NAME = "$(TARGET_NAME)";
				TEST_TARGET_NAME = CWPayDemo;
				USES_XCTRUNNER = YES;
			};
			name = Debug;
		};
		ED6263971C044AFE00D7AEEB /* Release */ = {
			isa = XCBuildConfiguration;
			buildSettings = {
				INFOPLIST_FILE = CWPayDemoUITests/Info.plist;
				LD_RUNPATH_SEARCH_PATHS = "$(inherited) @executable_path/Frameworks @loader_path/Frameworks";
				PRODUCT_BUNDLE_IDENTIFIER = com.demo.CWPayDemoUITests;
				PRODUCT_NAME = "$(TARGET_NAME)";
				TEST_TARGET_NAME = CWPayDemo;
				USES_XCTRUNNER = YES;
			};
			name = Release;
		};
/* End XCBuildConfiguration section */

/* Begin XCConfigurationList section */
		ED62635D1C044AFE00D7AEEB /* Build configuration list for PBXProject "CWPayDemo" */ = {
			isa = XCConfigurationList;
			buildConfigurations = (
				ED62638D1C044AFE00D7AEEB /* Debug */,
				ED62638E1C044AFE00D7AEEB /* Release */,
			);
			defaultConfigurationIsVisible = 0;
			defaultConfigurationName = Release;
		};
		ED62638F1C044AFE00D7AEEB /* Build configuration list for PBXNativeTarget "CWPayDemo" */ = {
			isa = XCConfigurationList;
			buildConfigurations = (
				ED6263901C044AFE00D7AEEB /* Debug */,
				ED6263911C044AFE00D7AEEB /* Release */,
			);
			defaultConfigurationIsVisible = 0;
		};
		ED6263921C044AFE00D7AEEB /* Build configuration list for PBXNativeTarget "CWPayDemoTests" */ = {
			isa = XCConfigurationList;
			buildConfigurations = (
				ED6263931C044AFE00D7AEEB /* Debug */,
				ED6263941C044AFE00D7AEEB /* Release */,
			);
			defaultConfigurationIsVisible = 0;
		};
		ED6263951C044AFE00D7AEEB /* Build configuration list for PBXNativeTarget "CWPayDemoUITests" */ = {
			isa = XCConfigurationList;
			buildConfigurations = (
				ED6263961C044AFE00D7AEEB /* Debug */,
				ED6263971C044AFE00D7AEEB /* Release */,
			);
			defaultConfigurationIsVisible = 0;
		};
/* End XCConfigurationList section */
	};
	rootObject = ED62635A1C044AFE00D7AEEB /* Project object */;
}
